
Microsoft Visual Studio Solution File, Format Version 11.00
# Visual Studio 2010
Project("{8BC9CEB8-8B4A-11D0-8D11-00A0C91BC942}") = "GibbsLDA++-0.2_vs2010", "GibbsLDA++-0.2_vs2010\GibbsLDA++-0.2_vs2010.vcxproj", "{99D6442F-93CA-44AC-B53A-5936DCE12768}"
EndProject
Global
	GlobalSection(SolutionConfigurationPlatforms) = preSolution
		Debug|Win32 = Debug|Win32
		Release|Win32 = Release|Win32
	EndGlobalSection
	GlobalSection(ProjectConfigurationPlatforms) = postSolution
		{99D6442F-93CA-44AC-B53A-5936DCE12768}.Debug|Win32.ActiveCfg = Debug|Win32
		{99D6442F-93CA-44AC-B53A-5936DCE12768}.Debug|Win32.Build.0 = Debug|Win32
		{99D6442F-93CA-44AC-B53A-5936DCE12768}.Release|Win32.ActiveCfg = Release|Win32
		{99D6442F-93CA-44AC-B53A-5936DCE12768}.Release|Win32.Build.0 = Release|Win32
	EndGlobalSection
	GlobalSection(SolutionProperties) = preSolution
		HideSolutionNode = FALSE
	EndGlobalSection
EndGlobal
